<?xml version="1.0" encoding="utf-8"?>
<Project ToolsVersion="4.0" xmlns="http://schemas.microsoft.com/developer/msbuild/2003">
  <ItemGroup>
    <Filter Include="ソース ファイル">
      <UniqueIdentifier>{4FC737F1-C7A5-4376-A066-2A32D752A2FF}</UniqueIdentifier>
      <Extensions>cpp;c;cc;cxx;c++;cppm;ixx;def;odl;idl;hpj;bat;asm;asmx</Extensions>
    </Filter>
    <Filter Include="ヘッダー ファイル">
      <UniqueIdentifier>{93995380-89BD-4b04-88EB-625FBE52EBFB}</UniqueIdentifier>
      <Extensions>h;hh;hpp;hxx;h++;hm;inl;inc;ipp;xsd</Extensions>
    </Filter>
    <Filter Include="リソース ファイル">
      <UniqueIdentifier>{67DA6AB6-F800-4c08-8B7A-83BB121AAD01}</UniqueIdentifier>
      <Extensions>rc;ico;cur;bmp;dlg;rc2;rct;bin;rgs;gif;jpg;jpeg;jpe;resx;tiff;tif;png;wav;mfcribbon-ms</Extensions>
    </Filter>
    <Filter Include="ソース ファイル\game">
      <UniqueIdentifier>{739d8179-1a8d-498e-9c2d-a433ee2b3f73}</UniqueIdentifier>
    </Filter>
    <Filter Include="ソース ファイル\title">
      <UniqueIdentifier>{434fb8bc-ff4e-43a5-86b9-047fd29f6c98}</UniqueIdentifier>
    </Filter>
    <Filter Include="ソース ファイル\main">
      <UniqueIdentifier>{9f1d47ec-37e8-40e8-9788-76dbb11522d5}</UniqueIdentifier>
    </Filter>
    <Filter Include="ソース ファイル\game\character">
      <UniqueIdentifier>{789f68a3-f3fe-43ef-87ff-8c866e62f78c}</UniqueIdentifier>
    </Filter>
    <Filter Include="ソース ファイル\game\object">
      <UniqueIdentifier>{639d16c3-3ec8-4492-ab30-a2e6713392ba}</UniqueIdentifier>
    </Filter>
    <Filter Include="ソース ファイル\game\effect">
      <UniqueIdentifier>{80ecf44e-a093-4a07-8f1b-e0f40917f1c4}</UniqueIdentifier>
    </Filter>
    <Filter Include="ソース ファイル\game\stage">
      <UniqueIdentifier>{1ecb1dc4-d4c9-49ad-a295-1be525066daf}</UniqueIdentifier>
    </Filter>
    <Filter Include="ソース ファイル\game\number">
      <UniqueIdentifier>{38be48ee-b353-44b9-a7d4-f063e227b365}</UniqueIdentifier>
    </Filter>
    <Filter Include="ソース ファイル\game\pause">
      <UniqueIdentifier>{902f98c4-b478-404c-9411-c2fbffcf5d09}</UniqueIdentifier>
    </Filter>
    <Filter Include="ヘッダー ファイル\game">
      <UniqueIdentifier>{b91f4754-f102-49f9-939c-a9accfbba567}</UniqueIdentifier>
    </Filter>
    <Filter Include="ヘッダー ファイル\title">
      <UniqueIdentifier>{7b704bb8-2920-4719-a2d0-da53b830895f}</UniqueIdentifier>
    </Filter>
    <Filter Include="ヘッダー ファイル\main">
      <UniqueIdentifier>{68ba1fde-9df1-432d-85bb-f48b2b34de2f}</UniqueIdentifier>
    </Filter>
    <Filter Include="ヘッダー ファイル\game\charcter">
      <UniqueIdentifier>{c2a575e6-9556-4dd7-930a-68b9e04b640a}</UniqueIdentifier>
    </Filter>
    <Filter Include="ヘッダー ファイル\game\effect">
      <UniqueIdentifier>{95f06c3c-4474-4a63-9bcd-a8574dbea2d0}</UniqueIdentifier>
    </Filter>
    <Filter Include="ヘッダー ファイル\game\number">
      <UniqueIdentifier>{eb46cdb1-0961-4ff3-92fc-bccbaa3502f8}</UniqueIdentifier>
    </Filter>
    <Filter Include="ヘッダー ファイル\game\object">
      <UniqueIdentifier>{d1f38e37-e23b-4a81-a7b0-e0b0c84bf65e}</UniqueIdentifier>
    </Filter>
    <Filter Include="ヘッダー ファイル\game\pause">
      <UniqueIdentifier>{54d76098-3efd-4610-b9c3-2e16d9ef9483}</UniqueIdentifier>
    </Filter>
    <Filter Include="ヘッダー ファイル\game\stage">
      <UniqueIdentifier>{2dc99a95-8613-4495-8a6d-1d922efc9019}</UniqueIdentifier>
    </Filter>
    <Filter Include="ソース ファイル\gameend">
      <UniqueIdentifier>{c0435b56-44c5-412d-91df-1dd6f841d0ad}</UniqueIdentifier>
    </Filter>
    <Filter Include="ソース ファイル\gameend\gameover">
      <UniqueIdentifier>{7a1a7e68-fae3-4795-86e1-cfa051203f19}</UniqueIdentifier>
    </Filter>
    <Filter Include="ソース ファイル\gameend\gameclear">
      <UniqueIdentifier>{8cffb497-5d7e-43a5-910b-0f0df0a6175d}</UniqueIdentifier>
    </Filter>
    <Filter Include="ソース ファイル\gameend\result">
      <UniqueIdentifier>{433dfdaf-ed11-4fbf-84a4-65b87f6fe049}</UniqueIdentifier>
    </Filter>
    <Filter Include="ヘッダー ファイル\gameend">
      <UniqueIdentifier>{04ea3c01-776c-462f-b3dd-8b8f611e9a1a}</UniqueIdentifier>
    </Filter>
    <Filter Include="ヘッダー ファイル\gameend\gameover">
      <UniqueIdentifier>{8e211f70-cb8e-4484-9d0e-2b7108ce4a70}</UniqueIdentifier>
    </Filter>
    <Filter Include="ヘッダー ファイル\gameend\gameclear">
      <UniqueIdentifier>{9f5660b9-b911-4d81-94fa-c336f344d588}</UniqueIdentifier>
    </Filter>
    <Filter Include="ヘッダー ファイル\gameend\result">
      <UniqueIdentifier>{17ed0c99-f1ad-43f6-aa08-324888b7cd2a}</UniqueIdentifier>
    </Filter>
    <Filter Include="ソース ファイル\credit">
      <UniqueIdentifier>{c692c3eb-6569-4d1b-b559-0c0b5c45f103}</UniqueIdentifier>
    </Filter>
    <Filter Include="ヘッダー ファイル\credit">
      <UniqueIdentifier>{a42e4158-03c4-4df0-891f-4021a1e8273f}</UniqueIdentifier>
    </Filter>
    <Filter Include="ソース ファイル\game\stage\tutorial">
      <UniqueIdentifier>{ecfff7f5-7fb0-405e-b23b-2c32bacd1502}</UniqueIdentifier>
    </Filter>
    <Filter Include="ヘッダー ファイル\game\stage\tutorial">
      <UniqueIdentifier>{eaf3f1cb-e0f9-4ef6-b70f-19ac856a676a}</UniqueIdentifier>
    </Filter>
  </ItemGroup>
  <ItemGroup>
    <ClCompile Include="game.cpp">
      <Filter>ソース ファイル\game</Filter>
    </ClCompile>
    <ClCompile Include="result.cpp">
      <Filter>ソース ファイル\gameend\result</Filter>
    </ClCompile>
    <ClCompile Include="title.cpp">
      <Filter>ソース ファイル\title</Filter>
    </ClCompile>
    <ClCompile Include="fade.cpp">
      <Filter>ソース ファイル\main</Filter>
    </ClCompile>
    <ClCompile Include="input.cpp">
      <Filter>ソース ファイル\main</Filter>
    </ClCompile>
    <ClCompile Include="log.cpp">
      <Filter>ソース ファイル\main</Filter>
    </ClCompile>
    <ClCompile Include="main.cpp">
      <Filter>ソース ファイル\main</Filter>
    </ClCompile>
    <ClCompile Include="sound.cpp">
      <Filter>ソース ファイル\main</Filter>
    </ClCompile>
    <ClCompile Include="gameover.cpp">
      <Filter>ソース ファイル\gameend\gameover</Filter>
    </ClCompile>
    <ClCompile Include="enemy.cpp">
      <Filter>ソース ファイル\game\character</Filter>
    </ClCompile>
    <ClCompile Include="player.cpp">
      <Filter>ソース ファイル\game\character</Filter>
    </ClCompile>
    <ClCompile Include="block.cpp">
      <Filter>ソース ファイル\game\object</Filter>
    </ClCompile>
    <ClCompile Include="bullet.cpp">
      <Filter>ソース ファイル\game\object</Filter>
    </ClCompile>
    <ClCompile Include="effect.cpp">
      <Filter>ソース ファイル\game\effect</Filter>
    </ClCompile>
    <ClCompile Include="explosion.cpp">
      <Filter>ソース ファイル\game\effect</Filter>
    </ClCompile>
    <ClCompile Include="particle.cpp">
      <Filter>ソース ファイル\game\effect</Filter>
    </ClCompile>
    <ClCompile Include="bg.cpp">
      <Filter>ソース ファイル\game\stage</Filter>
    </ClCompile>
    <ClCompile Include="fade_stage.cpp">
      <Filter>ソース ファイル\game\stage</Filter>
    </ClCompile>
    <ClCompile Include="stage.cpp">
      <Filter>ソース ファイル\game\stage</Filter>
    </ClCompile>
    <ClCompile Include="score.cpp">
      <Filter>ソース ファイル\game\number</Filter>
    </ClCompile>
    <ClCompile Include="timer.cpp">
      <Filter>ソース ファイル\game\number</Filter>
    </ClCompile>
    <ClCompile Include="pause.cpp">
      <Filter>ソース ファイル\game\pause</Filter>
    </ClCompile>
    <ClCompile Include="gauge.cpp">
      <Filter>ソース ファイル\game\effect</Filter>
    </ClCompile>
    <ClCompile Include="heart.cpp">
      <Filter>ソース ファイル\game\object</Filter>
    </ClCompile>
    <ClCompile Include="stock.cpp">
      <Filter>ソース ファイル\game\object</Filter>
    </ClCompile>
    <ClCompile Include="ranking.cpp">
      <Filter>ソース ファイル\gameend\result</Filter>
    </ClCompile>
    <ClCompile Include="resultbg.cpp">
      <Filter>ソース ファイル\gameend\result</Filter>
    </ClCompile>
    <ClCompile Include="placeChar.cpp">
      <Filter>ソース ファイル\game\object</Filter>
    </ClCompile>
    <ClCompile Include="titlebg.cpp">
      <Filter>ソース ファイル\title</Filter>
    </ClCompile>
    <ClCompile Include="titleSelect.cpp">
      <Filter>ソース ファイル\title</Filter>
    </ClCompile>
    <ClCompile Include="playerframe.cpp">
      <Filter>ソース ファイル\game\object</Filter>
    </ClCompile>
    <ClCompile Include="mage.cpp">
      <Filter>ソース ファイル\game\object</Filter>
    </ClCompile>
    <ClCompile Include="item.cpp">
      <Filter>ソース ファイル\game\object</Filter>
    </ClCompile>
    <ClCompile Include="gameclear.cpp">
      <Filter>ソース ファイル\gameend\gameclear</Filter>
    </ClCompile>
    <ClCompile Include="gameclearBg.cpp">
      <Filter>ソース ファイル\gameend\gameclear</Filter>
    </ClCompile>
    <ClCompile Include="gameclearEffect.cpp">
      <Filter>ソース ファイル\gameend\gameclear</Filter>
    </ClCompile>
    <ClCompile Include="gameoverBg.cpp">
      <Filter>ソース ファイル\gameend\gameover</Filter>
    </ClCompile>
    <ClCompile Include="gameoverEffect.cpp">
      <Filter>ソース ファイル\gameend\gameover</Filter>
    </ClCompile>
    <ClCompile Include="ResultScore.cpp">
      <Filter>ソース ファイル\gameend</Filter>
    </ClCompile>
    <ClCompile Include="sun.cpp">
      <Filter>ソース ファイル\gameend\gameclear</Filter>
    </ClCompile>
    <ClCompile Include="scoreRank.cpp">
      <Filter>ソース ファイル\gameend</Filter>
    </ClCompile>
    <ClCompile Include="titlelogo.cpp">
      <Filter>ソース ファイル\title</Filter>
    </ClCompile>
    <ClCompile Include="titleanimation.cpp">
      <Filter>ソース ファイル\title</Filter>
    </ClCompile>
    <ClCompile Include="title_Mage.cpp">
      <Filter>ソース ファイル\title</Filter>
    </ClCompile>
    <ClCompile Include="moon.cpp">
      <Filter>ソース ファイル\gameend\gameover</Filter>
    </ClCompile>
    <ClCompile Include="credit.cpp">
      <Filter>ソース ファイル\credit</Filter>
    </ClCompile>
    <ClCompile Include="creditBg.cpp">
      <Filter>ソース ファイル\credit</Filter>
    </ClCompile>
    <ClCompile Include="creditLogo.cpp">
      <Filter>ソース ファイル\credit</Filter>
    </ClCompile>
    <ClCompile Include="creditPhoto.cpp">
      <Filter>ソース ファイル\credit</Filter>
    </ClCompile>
    <ClCompile Include="creditChar.cpp">
      <Filter>ソース ファイル\credit</Filter>
    </ClCompile>
    <ClCompile Include="nomoretime.cpp">
      <Filter>ソース ファイル\game\object</Filter>
    </ClCompile>
    <ClCompile Include="teleport.cpp">
      <Filter>ソース ファイル\game\effect</Filter>
    </ClCompile>
    <ClCompile Include="tutorial.cpp">
      <Filter>ソース ファイル\game\stage\tutorial</Filter>
    </ClCompile>
    <ClCompile Include="tutorial_gate.cpp">
      <Filter>ソース ファイル\game\stage\tutorial</Filter>
    </ClCompile>
    <ClCompile Include="showDifficulty.cpp">
      <Filter>ソース ファイル\main</Filter>
    </ClCompile>
    <ClCompile Include="caution.cpp">
      <Filter>ソース ファイル\game\object</Filter>
    </ClCompile>
  </ItemGroup>
  <ItemGroup>
    <ClInclude Include="bg.h">
      <Filter>ヘッダー ファイル\game\stage</Filter>
    </ClInclude>
    <ClInclude Include="block.h">
      <Filter>ヘッダー ファイル\game\object</Filter>
    </ClInclude>
    <ClInclude Include="bullet.h">
      <Filter>ヘッダー ファイル\game\object</Filter>
    </ClInclude>
    <ClInclude Include="effect.h">
      <Filter>ヘッダー ファイル\game\effect</Filter>
    </ClInclude>
    <ClInclude Include="enemy.h">
      <Filter>ヘッダー ファイル\game\charcter</Filter>
    </ClInclude>
    <ClInclude Include="explosion.h">
      <Filter>ヘッダー ファイル\game\effect</Filter>
    </ClInclude>
    <ClInclude Include="fade_stage.h">
      <Filter>ヘッダー ファイル\game\stage</Filter>
    </ClInclude>
    <ClInclude Include="game.h">
      <Filter>ヘッダー ファイル\game</Filter>
    </ClInclude>
    <ClInclude Include="gauge.h">
      <Filter>ヘッダー ファイル\game\effect</Filter>
    </ClInclude>
    <ClInclude Include="particle.h">
      <Filter>ヘッダー ファイル\game\effect</Filter>
    </ClInclude>
    <ClInclude Include="pause.h">
      <Filter>ヘッダー ファイル\game\pause</Filter>
    </ClInclude>
    <ClInclude Include="player.h">
      <Filter>ヘッダー ファイル\game\charcter</Filter>
    </ClInclude>
    <ClInclude Include="score.h">
      <Filter>ヘッダー ファイル\game\number</Filter>
    </ClInclude>
    <ClInclude Include="timer.h">
      <Filter>ヘッダー ファイル\game\number</Filter>
    </ClInclude>
    <ClInclude Include="fade.h">
      <Filter>ヘッダー ファイル\main</Filter>
    </ClInclude>
    <ClInclude Include="gameover.h">
      <Filter>ヘッダー ファイル\gameend\gameover</Filter>
    </ClInclude>
    <ClInclude Include="input.h">
      <Filter>ヘッダー ファイル\main</Filter>
    </ClInclude>
    <ClInclude Include="log.h">
      <Filter>ヘッダー ファイル\main</Filter>
    </ClInclude>
    <ClInclude Include="main.h">
      <Filter>ヘッダー ファイル\main</Filter>
    </ClInclude>
    <ClInclude Include="resource.h">
      <Filter>ヘッダー ファイル\main</Filter>
    </ClInclude>
    <ClInclude Include="result.h">
      <Filter>ヘッダー ファイル\gameend\result</Filter>
    </ClInclude>
    <ClInclude Include="sound.h">
      <Filter>ヘッダー ファイル\main</Filter>
    </ClInclude>
    <ClInclude Include="stage.h">
      <Filter>ヘッダー ファイル\game\stage</Filter>
    </ClInclude>
    <ClInclude Include="title.h">
      <Filter>ヘッダー ファイル\title</Filter>
    </ClInclude>
    <ClInclude Include="heart.h">
      <Filter>ヘッダー ファイル\game\object</Filter>
    </ClInclude>
    <ClInclude Include="stock.h">
      <Filter>ヘッダー ファイル\game\object</Filter>
    </ClInclude>
    <ClInclude Include="ranking.h">
      <Filter>ヘッダー ファイル\gameend\result</Filter>
    </ClInclude>
    <ClInclude Include="resultbg.h">
      <Filter>ヘッダー ファイル\gameend\result</Filter>
    </ClInclude>
    <ClInclude Include="placeChar.h">
      <Filter>ヘッダー ファイル\game\object</Filter>
    </ClInclude>
    <ClInclude Include="titlebg.h">
      <Filter>ヘッダー ファイル\title</Filter>
    </ClInclude>
    <ClInclude Include="titleSelect.h">
      <Filter>ヘッダー ファイル\title</Filter>
    </ClInclude>
    <ClInclude Include="playerframe.h">
      <Filter>ヘッダー ファイル\game\object</Filter>
    </ClInclude>
    <ClInclude Include="mage.h">
      <Filter>ヘッダー ファイル\game\object</Filter>
    </ClInclude>
    <ClInclude Include="item.h">
      <Filter>ヘッダー ファイル\game\object</Filter>
    </ClInclude>
    <ClInclude Include="gameclear.h">
      <Filter>ヘッダー ファイル\gameend\gameclear</Filter>
    </ClInclude>
    <ClInclude Include="gameclearBg.h">
      <Filter>ヘッダー ファイル\gameend\gameclear</Filter>
    </ClInclude>
    <ClInclude Include="gameclearEffect.h">
      <Filter>ヘッダー ファイル\gameend\gameclear</Filter>
    </ClInclude>
    <ClInclude Include="gameoverBg.h">
      <Filter>ヘッダー ファイル\gameend\gameover</Filter>
    </ClInclude>
    <ClInclude Include="gameoverEffect.h">
      <Filter>ヘッダー ファイル\gameend\gameover</Filter>
    </ClInclude>
    <ClInclude Include="ResultScore.h">
      <Filter>ヘッダー ファイル\gameend</Filter>
    </ClInclude>
    <ClInclude Include="sun.h">
      <Filter>ヘッダー ファイル\gameend\gameclear</Filter>
    </ClInclude>
    <ClInclude Include="scoreRank.h">
      <Filter>ヘッダー ファイル\gameend</Filter>
    </ClInclude>
    <ClInclude Include="titleanimation.h">
      <Filter>ヘッダー ファイル\title</Filter>
    </ClInclude>
    <ClInclude Include="titlelogo.h">
      <Filter>ヘッダー ファイル\title</Filter>
    </ClInclude>
    <ClInclude Include="title_Mage.h">
      <Filter>ヘッダー ファイル\title</Filter>
    </ClInclude>
    <ClInclude Include="moon.h">
      <Filter>ヘッダー ファイル\gameend\gameover</Filter>
    </ClInclude>
    <ClInclude Include="credit.h">
      <Filter>ヘッダー ファイル\credit</Filter>
    </ClInclude>
    <ClInclude Include="creditBg.h">
      <Filter>ヘッダー ファイル\credit</Filter>
    </ClInclude>
    <ClInclude Include="creditLogo.h">
      <Filter>ヘッダー ファイル\credit</Filter>
    </ClInclude>
    <ClInclude Include="creditPhoto.h">
      <Filter>ヘッダー ファイル\credit</Filter>
    </ClInclude>
    <ClInclude Include="creditChar.h">
      <Filter>ヘッダー ファイル\credit</Filter>
    </ClInclude>
    <ClInclude Include="nomoretime.h">
      <Filter>ヘッダー ファイル\game\object</Filter>
    </ClInclude>
    <ClInclude Include="teleport.h">
      <Filter>ヘッダー ファイル\game\effect</Filter>
    </ClInclude>
    <ClInclude Include="tutorial.h">
      <Filter>ヘッダー ファイル\game\stage\tutorial</Filter>
    </ClInclude>
    <ClInclude Include="tutorial_gate.h">
      <Filter>ヘッダー ファイル\game\stage\tutorial</Filter>
    </ClInclude>
    <ClInclude Include="showDifficulty.h">
      <Filter>ヘッダー ファイル\main</Filter>
    </ClInclude>
    <ClInclude Include="caution.h">
      <Filter>ヘッダー ファイル\game\object</Filter>
    </ClInclude>
  </ItemGroup>
  <ItemGroup>
    <ResourceCompile Include="DirectX_ver.0.rc">
      <Filter>リソース ファイル</Filter>
    </ResourceCompile>
  </ItemGroup>
  <ItemGroup>
    <Image Include="data\TEXTURE\ICON\icon.ico">
      <Filter>リソース ファイル</Filter>
    </Image>
    <Image Include="data\TEXTURE\ICON\icon.png">
      <Filter>リソース ファイル</Filter>
    </Image>
    <Image Include="data\TEXTURE\ICON\Re_icon.ico">
      <Filter>リソース ファイル</Filter>
    </Image>
  </ItemGroup>
</Project>